Microsoft Visual Studio Solution File, Format Version 12.00
# Visual Studio Version 17
VisualStudioVersion = 17.5.2.0
MinimumVisualStudioVersion = 10.0.40219.1
Project("{FAE04EC0-301F-11D3-BF4B-00C04F79EFBC}") = "SupportDesk.Api", "SupportDesk.Api.csproj", "{29BA816E-BDD6-5E81-2E0E-382BDDDB1B5E}"
EndProject
Global
	GlobalSection(SolutionConfigurationPlatforms) = preSolution
		Debug|Any CPU = Debug|Any CPU
		Release|Any CPU = Release|Any CPU
	EndGlobalSection
	GlobalSection(ProjectConfigurationPlatforms) = postSolution
		{29BA816E-BDD6-5E81-2E0E-382BDDDB1B5E}.Debug|Any CPU.ActiveCfg = Debug|Any CPU
		{29BA816E-BDD6-5E81-2E0E-382BDDDB1B5E}.Debug|Any CPU.Build.0 = Debug|Any CPU
		{29BA816E-BDD6-5E81-2E0E-382BDDDB1B5E}.Release|Any CPU.ActiveCfg = Release|Any CPU
		{29BA816E-BDD6-5E81-2E0E-382BDDDB1B5E}.Release|Any CPU.Build.0 = Release|Any CPU
	EndGlobalSection
	GlobalSection(SolutionProperties) = preSolution
		HideSolutionNode = FALSE
	EndGlobalSection
	GlobalSection(ExtensibilityGlobals) = postSolution
		SolutionGuid = {9B22AB23-940B-4288-82DE-2879C9F4D476}
	EndGlobalSection
EndGlobal
